
Microsoft Visual Studio Solution File, Format Version 12.00
# Visual Studio Version 16
VisualStudioVersion = 16.0.30225.117
MinimumVisualStudioVersion = 10.0.40219.1
Project("{FAE04EC0-301F-11D3-BF4B-00C04F79EFBC}") = "MyApp", "MyApp.csproj", "{8861980C-D480-436E-BEF9-21DCD5700712}"
EndProject
Global
	GlobalSection(SolutionConfigurationPlatforms) = preSolution
		Debug|Any CPU = Debug|Any CPU
		Release|Any CPU = Release|Any CPU
	EndGlobalSection
	GlobalSection(ProjectConfigurationPlatforms) = postSolution
		{8861980C-D480-436E-BEF9-21DCD5700712}.Debug|Any CPU.ActiveCfg = Debug|Any CPU
		{8861980C-D480-436E-BEF9-21DCD5700712}.Debug|Any CPU.Build.0 = Debug|Any CPU
		{8861980C-D480-436E-BEF9-21DCD5700712}.Release|Any CPU.ActiveCfg = Release|Any CPU
		{8861980C-D480-436E-BEF9-21DCD5700712}.Release|Any CPU.Build.0 = Release|Any CPU
	EndGlobalSection
	GlobalSection(SolutionProperties) = preSolution
		HideSolutionNode = FALSE
	EndGlobalSection
	GlobalSection(ExtensibilityGlobals) = postSolution
		SolutionGuid = {49B1D982-6F5B-43F5-B53F-B07B02D72224}
	EndGlobalSection
EndGlobal
